
Microsoft Visual Studio Solution File, Format Version 12.00
# Visual Studio 15
VisualStudioVersion = 15.0.26730.12
MinimumVisualStudioVersion = 10.0.40219.1
Project("{FAE04EC0-301F-11D3-BF4B-00C04F79EFBC}") = "Apprentice", "Apprentice.csproj", "{4CDF731B-3B9D-4793-9564-59E4E1D76ED2}"
EndProject
Global
	GlobalSection(SolutionConfigurationPlatforms) = preSolution
		Debug|Any CPU = Debug|Any CPU
		Release|Any CPU = Release|Any CPU
	EndGlobalSection
	GlobalSection(ProjectConfigurationPlatforms) = postSolution
		{4CDF731B-3B9D-4793-9564-59E4E1D76ED2}.Debug|Any CPU.ActiveCfg = Debug|Any CPU
		{4CDF731B-3B9D-4793-9564-59E4E1D76ED2}.Debug|Any CPU.Build.0 = Debug|Any CPU
		{4CDF731B-3B9D-4793-9564-59E4E1D76ED2}.Release|Any CPU.ActiveCfg = Release|Any CPU
		{4CDF731B-3B9D-4793-9564-59E4E1D76ED2}.Release|Any CPU.Build.0 = Release|Any CPU
	EndGlobalSection
	GlobalSection(SolutionProperties) = preSolution
		HideSolutionNode = FALSE
	EndGlobalSection
	GlobalSection(ExtensibilityGlobals) = postSolution
		SolutionGuid = {6923C540-D1F7-4CB7-87E1-E756692C2900}
	EndGlobalSection
EndGlobal
